<?xml version="1.0" encoding="UTF-8"?>
<Project ToolsVersion="12.0" xmlns="http://schemas.microsoft.com/developer/msbuild/2003">
  <ItemGroup>
    <ClCompile Include="C:\Working\p21\devel\third_party\protobuf-3.4.0\src\google\protobuf\compiler\main.cc">
      <Filter>Source Files</Filter>
    </ClCompile>
  </ItemGroup>
  <ItemGroup>
    <CustomBuild Include="C:\Working\p21\devel\third_party\protobuf-3.4.0\cmake\CMakeLists.txt" />
  </ItemGroup>
  <ItemGroup>
    <Filter Include="Source Files">
      <UniqueIdentifier>{43F7C3AF-5B1E-3248-A1C5-8BBCB52013BF}</UniqueIdentifier>
    </Filter>
  </ItemGroup>
</Project>
