Microsoft Visual Studio Solution File, Format Version 12.00
# Visual Studio 2013
Project("{8BC9CEB8-8B4A-11D0-8D11-00A0C91BC942}") = "ALL_BUILD", "ALL_BUILD.vcxproj", "{68DFACD5-FB4D-348C-8E2F-31D98730DE87}"
	ProjectSection(ProjectDependencies) = postProject
		{9F8C95C1-96C5-3F3E-811E-325CEF8A98D4} = {9F8C95C1-96C5-3F3E-811E-325CEF8A98D4}
		{FBD5A587-F214-3F6A-9A17-6749C537B8E1} = {FBD5A587-F214-3F6A-9A17-6749C537B8E1}
		{81DD9512-1877-3E5D-898B-2DB6B2081E7B} = {81DD9512-1877-3E5D-898B-2DB6B2081E7B}
		{E7713368-2461-3DFE-9D44-1873C8256058} = {E7713368-2461-3DFE-9D44-1873C8256058}
		{E3C26DAE-3B1E-3917-AF89-281F301255A1} = {E3C26DAE-3B1E-3917-AF89-281F301255A1}
		{33C166AA-AB89-3121-8E1F-238EDB62CE38} = {33C166AA-AB89-3121-8E1F-238EDB62CE38}
	EndProjectSection
EndProject

Project("{8BC9CEB8-8B4A-11D0-8D11-00A0C91BC942}") = "ZERO_CHECK", "ZERO_CHECK.vcxproj", "{9F8C95C1-96C5-3F3E-811E-325CEF8A98D4}"
	ProjectSection(ProjectDependencies) = postProject
	EndProjectSection
EndProject
Project("{8BC9CEB8-8B4A-11D0-8D11-00A0C91BC942}") = "js_embed", "js_embed.vcxproj", "{FBD5A587-F214-3F6A-9A17-6749C537B8E1}"
	ProjectSection(ProjectDependencies) = postProject
		{9F8C95C1-96C5-3F3E-811E-325CEF8A98D4} = {9F8C95C1-96C5-3F3E-811E-325CEF8A98D4}
	EndProjectSection
EndProject
Project("{8BC9CEB8-8B4A-11D0-8D11-00A0C91BC942}") = "libprotobuf", "libprotobuf.vcxproj", "{81DD9512-1877-3E5D-898B-2DB6B2081E7B}"
	ProjectSection(ProjectDependencies) = postProject
		{9F8C95C1-96C5-3F3E-811E-325CEF8A98D4} = {9F8C95C1-96C5-3F3E-811E-325CEF8A98D4}
	EndProjectSection
EndProject
Project("{8BC9CEB8-8B4A-11D0-8D11-00A0C91BC942}") = "libprotobuf-lite", "libprotobuf-lite.vcxproj", "{E7713368-2461-3DFE-9D44-1873C8256058}"
	ProjectSection(ProjectDependencies) = postProject
		{9F8C95C1-96C5-3F3E-811E-325CEF8A98D4} = {9F8C95C1-96C5-3F3E-811E-325CEF8A98D4}
	EndProjectSection
EndProject
Project("{8BC9CEB8-8B4A-11D0-8D11-00A0C91BC942}") = "libprotoc", "libprotoc.vcxproj", "{E3C26DAE-3B1E-3917-AF89-281F301255A1}"
	ProjectSection(ProjectDependencies) = postProject
		{9F8C95C1-96C5-3F3E-811E-325CEF8A98D4} = {9F8C95C1-96C5-3F3E-811E-325CEF8A98D4}
		{FBD5A587-F214-3F6A-9A17-6749C537B8E1} = {FBD5A587-F214-3F6A-9A17-6749C537B8E1}
		{81DD9512-1877-3E5D-898B-2DB6B2081E7B} = {81DD9512-1877-3E5D-898B-2DB6B2081E7B}
	EndProjectSection
EndProject
Project("{8BC9CEB8-8B4A-11D0-8D11-00A0C91BC942}") = "protoc", "protoc.vcxproj", "{33C166AA-AB89-3121-8E1F-238EDB62CE38}"
	ProjectSection(ProjectDependencies) = postProject
		{9F8C95C1-96C5-3F3E-811E-325CEF8A98D4} = {9F8C95C1-96C5-3F3E-811E-325CEF8A98D4}
		{81DD9512-1877-3E5D-898B-2DB6B2081E7B} = {81DD9512-1877-3E5D-898B-2DB6B2081E7B}
		{E3C26DAE-3B1E-3917-AF89-281F301255A1} = {E3C26DAE-3B1E-3917-AF89-281F301255A1}
	EndProjectSection
EndProject
Global
	GlobalSection(SolutionConfigurationPlatforms) = preSolution
		Debug|Win32 = Debug|Win32
		Release|Win32 = Release|Win32
		MinSizeRel|Win32 = MinSizeRel|Win32
		RelWithDebInfo|Win32 = RelWithDebInfo|Win32
	EndGlobalSection
	GlobalSection(ProjectConfigurationPlatforms) = postSolution
		{68DFACD5-FB4D-348C-8E2F-31D98730DE87}.Debug|Win32.ActiveCfg = Debug|Win32
		{68DFACD5-FB4D-348C-8E2F-31D98730DE87}.Debug|Win32.Build.0 = Debug|Win32
		{68DFACD5-FB4D-348C-8E2F-31D98730DE87}.Release|Win32.ActiveCfg = Release|Win32
		{68DFACD5-FB4D-348C-8E2F-31D98730DE87}.Release|Win32.Build.0 = Release|Win32
		{68DFACD5-FB4D-348C-8E2F-31D98730DE87}.MinSizeRel|Win32.ActiveCfg = MinSizeRel|Win32
		{68DFACD5-FB4D-348C-8E2F-31D98730DE87}.MinSizeRel|Win32.Build.0 = MinSizeRel|Win32
		{68DFACD5-FB4D-348C-8E2F-31D98730DE87}.RelWithDebInfo|Win32.ActiveCfg = RelWithDebInfo|Win32
		{68DFACD5-FB4D-348C-8E2F-31D98730DE87}.RelWithDebInfo|Win32.Build.0 = RelWithDebInfo|Win32
		{EA8A2127-A170-3FC8-9AAE-699B73AE5E81}.Debug|Win32.ActiveCfg = Debug|Win32
		{EA8A2127-A170-3FC8-9AAE-699B73AE5E81}.Release|Win32.ActiveCfg = Release|Win32
		{EA8A2127-A170-3FC8-9AAE-699B73AE5E81}.MinSizeRel|Win32.ActiveCfg = MinSizeRel|Win32
		{EA8A2127-A170-3FC8-9AAE-699B73AE5E81}.RelWithDebInfo|Win32.ActiveCfg = RelWithDebInfo|Win32
		{9F8C95C1-96C5-3F3E-811E-325CEF8A98D4}.Debug|Win32.ActiveCfg = Debug|Win32
		{9F8C95C1-96C5-3F3E-811E-325CEF8A98D4}.Debug|Win32.Build.0 = Debug|Win32
		{9F8C95C1-96C5-3F3E-811E-325CEF8A98D4}.Release|Win32.ActiveCfg = Release|Win32
		{9F8C95C1-96C5-3F3E-811E-325CEF8A98D4}.Release|Win32.Build.0 = Release|Win32
		{9F8C95C1-96C5-3F3E-811E-325CEF8A98D4}.MinSizeRel|Win32.ActiveCfg = MinSizeRel|Win32
		{9F8C95C1-96C5-3F3E-811E-325CEF8A98D4}.MinSizeRel|Win32.Build.0 = MinSizeRel|Win32
		{9F8C95C1-96C5-3F3E-811E-325CEF8A98D4}.RelWithDebInfo|Win32.ActiveCfg = RelWithDebInfo|Win32
		{9F8C95C1-96C5-3F3E-811E-325CEF8A98D4}.RelWithDebInfo|Win32.Build.0 = RelWithDebInfo|Win32
		{FBD5A587-F214-3F6A-9A17-6749C537B8E1}.Debug|Win32.ActiveCfg = Debug|Win32
		{FBD5A587-F214-3F6A-9A17-6749C537B8E1}.Debug|Win32.Build.0 = Debug|Win32
		{FBD5A587-F214-3F6A-9A17-6749C537B8E1}.Release|Win32.ActiveCfg = Release|Win32
		{FBD5A587-F214-3F6A-9A17-6749C537B8E1}.Release|Win32.Build.0 = Release|Win32
		{FBD5A587-F214-3F6A-9A17-6749C537B8E1}.MinSizeRel|Win32.ActiveCfg = MinSizeRel|Win32
		{FBD5A587-F214-3F6A-9A17-6749C537B8E1}.MinSizeRel|Win32.Build.0 = MinSizeRel|Win32
		{FBD5A587-F214-3F6A-9A17-6749C537B8E1}.RelWithDebInfo|Win32.ActiveCfg = RelWithDebInfo|Win32
		{FBD5A587-F214-3F6A-9A17-6749C537B8E1}.RelWithDebInfo|Win32.Build.0 = RelWithDebInfo|Win32
		{81DD9512-1877-3E5D-898B-2DB6B2081E7B}.Debug|Win32.ActiveCfg = Debug|Win32
		{81DD9512-1877-3E5D-898B-2DB6B2081E7B}.Debug|Win32.Build.0 = Debug|Win32
		{81DD9512-1877-3E5D-898B-2DB6B2081E7B}.Release|Win32.ActiveCfg = Release|Win32
		{81DD9512-1877-3E5D-898B-2DB6B2081E7B}.Release|Win32.Build.0 = Release|Win32
		{81DD9512-1877-3E5D-898B-2DB6B2081E7B}.MinSizeRel|Win32.ActiveCfg = MinSizeRel|Win32
		{81DD9512-1877-3E5D-898B-2DB6B2081E7B}.MinSizeRel|Win32.Build.0 = MinSizeRel|Win32
		{81DD9512-1877-3E5D-898B-2DB6B2081E7B}.RelWithDebInfo|Win32.ActiveCfg = RelWithDebInfo|Win32
		{81DD9512-1877-3E5D-898B-2DB6B2081E7B}.RelWithDebInfo|Win32.Build.0 = RelWithDebInfo|Win32
		{E7713368-2461-3DFE-9D44-1873C8256058}.Debug|Win32.ActiveCfg = Debug|Win32
		{E7713368-2461-3DFE-9D44-1873C8256058}.Debug|Win32.Build.0 = Debug|Win32
		{E7713368-2461-3DFE-9D44-1873C8256058}.Release|Win32.ActiveCfg = Release|Win32
		{E7713368-2461-3DFE-9D44-1873C8256058}.Release|Win32.Build.0 = Release|Win32
		{E7713368-2461-3DFE-9D44-1873C8256058}.MinSizeRel|Win32.ActiveCfg = MinSizeRel|Win32
		{E7713368-2461-3DFE-9D44-1873C8256058}.MinSizeRel|Win32.Build.0 = MinSizeRel|Win32
		{E7713368-2461-3DFE-9D44-1873C8256058}.RelWithDebInfo|Win32.ActiveCfg = RelWithDebInfo|Win32
		{E7713368-2461-3DFE-9D44-1873C8256058}.RelWithDebInfo|Win32.Build.0 = RelWithDebInfo|Win32
		{E3C26DAE-3B1E-3917-AF89-281F301255A1}.Debug|Win32.ActiveCfg = Debug|Win32
		{E3C26DAE-3B1E-3917-AF89-281F301255A1}.Debug|Win32.Build.0 = Debug|Win32
		{E3C26DAE-3B1E-3917-AF89-281F301255A1}.Release|Win32.ActiveCfg = Release|Win32
		{E3C26DAE-3B1E-3917-AF89-281F301255A1}.Release|Win32.Build.0 = Release|Win32
		{E3C26DAE-3B1E-3917-AF89-281F301255A1}.MinSizeRel|Win32.ActiveCfg = MinSizeRel|Win32
		{E3C26DAE-3B1E-3917-AF89-281F301255A1}.MinSizeRel|Win32.Build.0 = MinSizeRel|Win32
		{E3C26DAE-3B1E-3917-AF89-281F301255A1}.RelWithDebInfo|Win32.ActiveCfg = RelWithDebInfo|Win32
		{E3C26DAE-3B1E-3917-AF89-281F301255A1}.RelWithDebInfo|Win32.Build.0 = RelWithDebInfo|Win32
		{33C166AA-AB89-3121-8E1F-238EDB62CE38}.Debug|Win32.ActiveCfg = Debug|Win32
		{33C166AA-AB89-3121-8E1F-238EDB62CE38}.Debug|Win32.Build.0 = Debug|Win32
		{33C166AA-AB89-3121-8E1F-238EDB62CE38}.Release|Win32.ActiveCfg = Release|Win32
		{33C166AA-AB89-3121-8E1F-238EDB62CE38}.Release|Win32.Build.0 = Release|Win32
		{33C166AA-AB89-3121-8E1F-238EDB62CE38}.MinSizeRel|Win32.ActiveCfg = MinSizeRel|Win32
		{33C166AA-AB89-3121-8E1F-238EDB62CE38}.MinSizeRel|Win32.Build.0 = MinSizeRel|Win32
		{33C166AA-AB89-3121-8E1F-238EDB62CE38}.RelWithDebInfo|Win32.ActiveCfg = RelWithDebInfo|Win32
		{33C166AA-AB89-3121-8E1F-238EDB62CE38}.RelWithDebInfo|Win32.Build.0 = RelWithDebInfo|Win32
	EndGlobalSection
	GlobalSection(ExtensibilityGlobals) = postSolution
		SolutionGuid = {FE671373-122A-3B61-BA4D-15F19ED1834A}
	EndGlobalSection
	GlobalSection(ExtensibilityAddIns) = postSolution
	EndGlobalSection
EndGlobal
